
Microsoft Visual Studio Solution File, Format Version 12.00
# Visual Studio Version 17
VisualStudioVersion = 17.6.33712.159
MinimumVisualStudioVersion = 10.0.40219.1
Project("{9A19103F-16F7-4668-BE54-9A1E7A4F7556}") = "MyLib", "MyLib\MyLib.csproj", "{0758F85A-70FC-4192-9EF7-2A8614FAF755}"
EndProject
Project("{9A19103F-16F7-4668-BE54-9A1E7A4F7556}") = "Serializer", "Serializers\Serializer.csproj", "{3C3D3B86-3061-47DA-A92E-3C9DD6A14650}"
EndProject
Project("{9A19103F-16F7-4668-BE54-9A1E7A4F7556}") = "MyCustomThemes", "MyCustomThemes\MyCustomThemes.csproj", "{A48E1A10-8D73-4C7A-A4C1-542D0C1C5549}"
EndProject
Global
	GlobalSection(SolutionConfigurationPlatforms) = preSolution
		Debug|Any CPU = Debug|Any CPU
		Release|Any CPU = Release|Any CPU
	EndGlobalSection
	GlobalSection(ProjectConfigurationPlatforms) = postSolution
		{0758F85A-70FC-4192-9EF7-2A8614FAF755}.Debug|Any CPU.ActiveCfg = Debug|Any CPU
		{0758F85A-70FC-4192-9EF7-2A8614FAF755}.Debug|Any CPU.Build.0 = Debug|Any CPU
		{0758F85A-70FC-4192-9EF7-2A8614FAF755}.Release|Any CPU.ActiveCfg = Release|Any CPU
		{0758F85A-70FC-4192-9EF7-2A8614FAF755}.Release|Any CPU.Build.0 = Release|Any CPU
		{3C3D3B86-3061-47DA-A92E-3C9DD6A14650}.Debug|Any CPU.ActiveCfg = Debug|Any CPU
		{3C3D3B86-3061-47DA-A92E-3C9DD6A14650}.Debug|Any CPU.Build.0 = Debug|Any CPU
		{3C3D3B86-3061-47DA-A92E-3C9DD6A14650}.Release|Any CPU.ActiveCfg = Release|Any CPU
		{3C3D3B86-3061-47DA-A92E-3C9DD6A14650}.Release|Any CPU.Build.0 = Release|Any CPU
		{A48E1A10-8D73-4C7A-A4C1-542D0C1C5549}.Debug|Any CPU.ActiveCfg = Debug|Any CPU
		{A48E1A10-8D73-4C7A-A4C1-542D0C1C5549}.Debug|Any CPU.Build.0 = Debug|Any CPU
		{A48E1A10-8D73-4C7A-A4C1-542D0C1C5549}.Release|Any CPU.ActiveCfg = Release|Any CPU
		{A48E1A10-8D73-4C7A-A4C1-542D0C1C5549}.Release|Any CPU.Build.0 = Release|Any CPU
	EndGlobalSection
	GlobalSection(SolutionProperties) = preSolution
		HideSolutionNode = FALSE
	EndGlobalSection
	GlobalSection(ExtensibilityGlobals) = postSolution
		SolutionGuid = {5502BFF3-18EF-4DEC-AC1F-B185CDDF5F25}
	EndGlobalSection
EndGlobal
